<?xml version="1.0" encoding="utf-8"?>
<Project ToolsVersion="4.0" xmlns="http://schemas.microsoft.com/developer/msbuild/2003">
  <ItemGroup>
    <Filter Include="Archivos de código fuente">
      <UniqueIdentifier>{4FC737F1-C7A5-4376-A066-2A32D752A2FF}</UniqueIdentifier>
      <Extensions>cpp;c;cc;cxx;def;odl;idl;hpj;bat;asm;asmx</Extensions>
    </Filter>
    <Filter Include="Archivos de encabezado">
      <UniqueIdentifier>{93995380-89BD-4b04-88EB-625FBE52EBFB}</UniqueIdentifier>
      <Extensions>h;hpp;hxx;hm;inl;inc;xsd</Extensions>
    </Filter>
    <Filter Include="Archivos de recursos">
      <UniqueIdentifier>{67DA6AB6-F800-4c08-8B7A-83BB121AAD01}</UniqueIdentifier>
      <Extensions>rc;ico;cur;bmp;dlg;rc2;rct;bin;rgs;gif;jpg;jpeg;jpe;resx;tiff;tif;png;wav;mfcribbon-ms</Extensions>
    </Filter>
  </ItemGroup>
  <ItemGroup>
    <Text Include="ReadMe.txt" />
  </ItemGroup>
  <ItemGroup>
    <ClInclude Include="stdafx.h">
      <Filter>Archivos de encabezado</Filter>
    </ClInclude>
    <ClInclude Include="targetver.h">
      <Filter>Archivos de encabezado</Filter>
    </ClInclude>
    <ClInclude Include="include\base\code-base.h">
      <Filter>Archivos de encabezado</Filter>
    </ClInclude>
    <ClInclude Include="include\base\exception.h">
      <Filter>Archivos de encabezado</Filter>
    </ClInclude>
    <ClInclude Include="plog\Appenders\AndroidAppender.h">
      <Filter>Archivos de encabezado</Filter>
    </ClInclude>
    <ClInclude Include="plog\Appenders\ConsoleAppender.h">
      <Filter>Archivos de encabezado</Filter>
    </ClInclude>
    <ClInclude Include="plog\Appenders\IAppender.h">
      <Filter>Archivos de encabezado</Filter>
    </ClInclude>
    <ClInclude Include="plog\Appenders\NetUdpAppender.h">
      <Filter>Archivos de encabezado</Filter>
    </ClInclude>
    <ClInclude Include="plog\Appenders\RollingFileAppender.h">
      <Filter>Archivos de encabezado</Filter>
    </ClInclude>
    <ClInclude Include="plog\Converters\UTF8Converter.h">
      <Filter>Archivos de encabezado</Filter>
    </ClInclude>
    <ClInclude Include="plog\Formatters\ConsoleFormatter.h">
      <Filter>Archivos de encabezado</Filter>
    </ClInclude>
    <ClInclude Include="plog\Formatters\CsvFormatter.h">
      <Filter>Archivos de encabezado</Filter>
    </ClInclude>
    <ClInclude Include="plog\Formatters\FuncMessageFormatter.h">
      <Filter>Archivos de encabezado</Filter>
    </ClInclude>
    <ClInclude Include="plog\Formatters\Log4viewFormatter.h">
      <Filter>Archivos de encabezado</Filter>
    </ClInclude>
    <ClInclude Include="plog\Formatters\TxtFormatter.h">
      <Filter>Archivos de encabezado</Filter>
    </ClInclude>
    <ClInclude Include="plog\Compatibility.h">
      <Filter>Archivos de encabezado</Filter>
    </ClInclude>
    <ClInclude Include="plog\Init.h">
      <Filter>Archivos de encabezado</Filter>
    </ClInclude>
    <ClInclude Include="plog\Log.h">
      <Filter>Archivos de encabezado</Filter>
    </ClInclude>
    <ClInclude Include="plog\LogConfig.h">
      <Filter>Archivos de encabezado</Filter>
    </ClInclude>
    <ClInclude Include="plog\Logger.h">
      <Filter>Archivos de encabezado</Filter>
    </ClInclude>
    <ClInclude Include="plog\Record.h">
      <Filter>Archivos de encabezado</Filter>
    </ClInclude>
    <ClInclude Include="plog\Severity.h">
      <Filter>Archivos de encabezado</Filter>
    </ClInclude>
    <ClInclude Include="plog\Util.h">
      <Filter>Archivos de encabezado</Filter>
    </ClInclude>
  </ItemGroup>
  <ItemGroup>
    <ClCompile Include="stdafx.cpp">
      <Filter>Archivos de código fuente</Filter>
    </ClCompile>
    <ClCompile Include="uv5ki-gw-cfg.cpp">
      <Filter>Archivos de código fuente</Filter>
    </ClCompile>
    <ClCompile Include="src\base\code-base.cpp">
      <Filter>Archivos de código fuente</Filter>
    </ClCompile>
    <ClCompile Include="src\base\exception.cpp">
      <Filter>Archivos de código fuente</Filter>
    </ClCompile>
  </ItemGroup>
</Project>